
Microsoft Visual Studio Solution File, Format Version 12.00
# Visual Studio Version 16
VisualStudioVersion = 16.0.29509.3
MinimumVisualStudioVersion = 10.0.40219.1
Project("{FAE04EC0-301F-11D3-BF4B-00C04F79EFBC}") = "Conga Projects API Integration", "Conga Projects API Integration.csproj", "{4E720E29-81E1-41FE-837B-563A42796D2C}"
EndProject
Global
	GlobalSection(SolutionConfigurationPlatforms) = preSolution
		Debug|Any CPU = Debug|Any CPU
		Release|Any CPU = Release|Any CPU
	EndGlobalSection
	GlobalSection(ProjectConfigurationPlatforms) = postSolution
		{4E720E29-81E1-41FE-837B-563A42796D2C}.Debug|Any CPU.ActiveCfg = Debug|Any CPU
		{4E720E29-81E1-41FE-837B-563A42796D2C}.Debug|Any CPU.Build.0 = Debug|Any CPU
		{4E720E29-81E1-41FE-837B-563A42796D2C}.Release|Any CPU.ActiveCfg = Release|Any CPU
		{4E720E29-81E1-41FE-837B-563A42796D2C}.Release|Any CPU.Build.0 = Release|Any CPU
	EndGlobalSection
	GlobalSection(SolutionProperties) = preSolution
		HideSolutionNode = FALSE
	EndGlobalSection
	GlobalSection(ExtensibilityGlobals) = postSolution
		SolutionGuid = {5444D14B-0244-47A9-BADD-E415C79ED1F2}
	EndGlobalSection
EndGlobal
